{
  "name": "hydrogen-spring-era3",
  "lockfileVersion": 3,
  "requires": true,
  "packages": {
    "": {
      "dependencies": {
        "crypto-js": "^4.2.0",
        "dayjs": "^1.11.10",
        "uni-simple-router": "^2.0.8-beta.4"
      },
      "devDependencies": {
        "@types/node": "^20.11.25"
      }
    },
    "node_modules/@types/node": {
      "version": "20.11.25",
      "resolved": "https://registry.npmjs.org/@types/node/-/node-20.11.25.tgz",
      "integrity": "sha512-TBHyJxk2b7HceLVGFcpAUjsa5zIdsPWlR6XHfyGzd0SFu+/NFgQgMAl96MSDZgQDvJAvV6BKsFOrt6zIL09JDw==",
      "dev": true,
      "dependencies": {
        "undici-types": "~5.26.4"
      }
    },
    "node_modules/crypto-js": {
      "version": "4.2.0",
      "resolved": "https://registry.npmjs.org/crypto-js/-/crypto-js-4.2.0.tgz",
      "integrity": "sha512-KALDyEYgpY+Rlob/iriUtjV6d5Eq+Y191A5g4UqLAi8CyGP9N1+FdVbkc1SxKc2r4YAYqG8JzO2KGL+AizD70Q=="
    },
    "node_modules/dayjs": {
      "version": "1.11.10",
      "resolved": "https://registry.npmjs.org/dayjs/-/dayjs-1.11.10.tgz",
      "integrity": "sha512-vjAczensTgRcqDERK0SR2XMwsF/tSvnvlv6VcF2GIhg6Sx4yOIt/irsr1RDJsKiIyBzJDpCoXiWWq28MqH2cnQ=="
    },
    "node_modules/undici-types": {
      "version": "5.26.5",
      "resolved": "https://registry.npmjs.org/undici-types/-/undici-types-5.26.5.tgz",
      "integrity": "sha512-JlCMO+ehdEIKqlFxk6IfVoAUVmgz7cU7zD/h9XZ0qzeosSHmUJVOzSQvvYSYWXkFXC+IfLKSIffhv0sVZup6pA==",
      "dev": true
    },
    "node_modules/uni-simple-router": {
      "version": "2.0.8-beta.4",
      "resolved": "https://registry.npmjs.org/uni-simple-router/-/uni-simple-router-2.0.8-beta.4.tgz",
      "integrity": "sha512-ipTHhOaRvjV8qrt3HosX5pNMhwFYBnFOuKyV5joH0evfXubjrGI5tjdwpmwzfW5h3VBth3iAqScv+pW/QmIJXw=="
    }
  }
}
